
Microsoft Visual Studio Solution File, Format Version 12.00
# Visual Studio Version 17
VisualStudioVersion = 17.5.002.0
MinimumVisualStudioVersion = 10.0.40219.1
Project("{9A19103F-16F7-4668-BE54-9A1E7A4F7556}") = "Controle-de-Velocidade-do-Robo", "Controle-de-Velocidade-do-Robo.csproj", "{C6F23124-9C7D-4275-B553-9F9E79F90E9B}"
EndProject
Global
	GlobalSection(SolutionConfigurationPlatforms) = preSolution
		Debug|Any CPU = Debug|Any CPU
		Release|Any CPU = Release|Any CPU
	EndGlobalSection
	GlobalSection(ProjectConfigurationPlatforms) = postSolution
		{C6F23124-9C7D-4275-B553-9F9E79F90E9B}.Debug|Any CPU.ActiveCfg = Debug|Any CPU
		{C6F23124-9C7D-4275-B553-9F9E79F90E9B}.Debug|Any CPU.Build.0 = Debug|Any CPU
		{C6F23124-9C7D-4275-B553-9F9E79F90E9B}.Release|Any CPU.ActiveCfg = Release|Any CPU
		{C6F23124-9C7D-4275-B553-9F9E79F90E9B}.Release|Any CPU.Build.0 = Release|Any CPU
	EndGlobalSection
	GlobalSection(SolutionProperties) = preSolution
		HideSolutionNode = FALSE
	EndGlobalSection
	GlobalSection(ExtensibilityGlobals) = postSolution
		SolutionGuid = {6FE2B9A7-E94C-4F8C-B6C9-62A91A54C2BB}
	EndGlobalSection
EndGlobal
